
Microsoft Visual Studio Solution File, Format Version 12.00
# Visual Studio 15
VisualStudioVersion = 15.0.27703.1
MinimumVisualStudioVersion = 10.0.40219.1
Project("{FAE04EC0-301F-11D3-BF4B-00C04F79EFBC}") = "Funkmap.Tests", "Funkmap.Tests\Funkmap.Tests.csproj", "{164CD98E-9837-4A5F-B388-9823CD58EC3E}"
EndProject
Project("{2150E333-8FDC-42A3-9474-1A3956D46DE8}") = "Common", "Common", "{83C3F360-228C-440D-8F95-E106470E5217}"
EndProject
Project("{2150E333-8FDC-42A3-9474-1A3956D46DE8}") = "Auth", "Auth", "{09F81BB0-7C14-4D2F-8A3F-E621FC5089A2}"
EndProject
Project("{FAE04EC0-301F-11D3-BF4B-00C04F79EFBC}") = "Funkmap.Middleware", "Funkmap.Middleware\Funkmap.Middleware.csproj", "{2D178C9D-E17A-4735-B29C-0AE9DEA0B195}"
EndProject
Project("{2150E333-8FDC-42A3-9474-1A3956D46DE8}") = "Funkmap", "Funkmap", "{F8D44C0B-033B-437D-9F31-B98D1C13904C}"
EndProject
Project("{2150E333-8FDC-42A3-9474-1A3956D46DE8}") = "Messenger", "Messenger", "{171E6662-739B-430C-8F59-BD0F72FD9E45}"
EndProject
Project("{2150E333-8FDC-42A3-9474-1A3956D46DE8}") = "Notifications", "Notifications", "{08290CCE-C71D-4BCA-A324-2E41CEEDB6AF}"
EndProject
Project("{FAE04EC0-301F-11D3-BF4B-00C04F79EFBC}") = "Funkmap.Web", "Funkmap.Web\Funkmap.Web.csproj", "{033D35C6-65E8-41CB-B697-37F0CBC5972B}"
EndProject
Project("{2150E333-8FDC-42A3-9474-1A3956D46DE8}") = "FeedBack", "FeedBack", "{7A2FC844-1BE0-410F-96AE-4879CB3B3620}"
EndProject
Project("{FAE04EC0-301F-11D3-BF4B-00C04F79EFBC}") = "Funkmap.Auth", "Auth\Funkmap.Auth\Funkmap.Auth.csproj", "{09F63484-6A51-4BC7-A0B4-BE399E0723CD}"
EndProject
Project("{FAE04EC0-301F-11D3-BF4B-00C04F79EFBC}") = "Funkmap.Auth.Data", "Auth\Funkmap.Auth.Data\Funkmap.Auth.Data.csproj", "{A1388A76-7550-4C06-9486-2FE5A4AD6ED5}"
EndProject
Project("{FAE04EC0-301F-11D3-BF4B-00C04F79EFBC}") = "Funkmap.Auth.Tests", "Auth\Funkmap.Auth.Tests\Funkmap.Auth.Tests.csproj", "{FF7B77EF-8064-489F-8918-035CEA73F719}"
EndProject
Project("{FAE04EC0-301F-11D3-BF4B-00C04F79EFBC}") = "Funkmap.Common.Owin", "Common\Funkmap.Common\Funkmap.Common.Owin.csproj", "{7C85C2D4-B28D-41A6-BC52-7B4BAE1E528C}"
EndProject
Project("{FAE04EC0-301F-11D3-BF4B-00C04F79EFBC}") = "Funkmap.Common.Notifications", "Common\Funkmap.Common.Notifications\Funkmap.Common.Notifications.csproj", "{CC5B36A9-D49F-4583-B74C-D2F3A17087A4}"
EndProject
Project("{FAE04EC0-301F-11D3-BF4B-00C04F79EFBC}") = "Funkmap.Messenger", "Messenger\Funkmap.Messenger\Funkmap.Messenger.csproj", "{A7957BFB-CF3B-4820-A929-F53FCAFFA00D}"
EndProject
Project("{FAE04EC0-301F-11D3-BF4B-00C04F79EFBC}") = "Funkmap.Messenger.Command", "Messenger\Funkmap.Messenger.Command\Funkmap.Messenger.Command.csproj", "{15E79617-9CDA-496E-84EF-0198FEA0B4B8}"
EndProject
Project("{FAE04EC0-301F-11D3-BF4B-00C04F79EFBC}") = "Funkmap.Messenger.Entities", "Messenger\Funkmap.Messenger.Entities\Funkmap.Messenger.Entities.csproj", "{16A45066-051D-487E-86AA-0D1495E482A7}"
EndProject
Project("{FAE04EC0-301F-11D3-BF4B-00C04F79EFBC}") = "Funkmap.Messenger.Query", "Messenger\Funkmap.Messenger.Query\Funkmap.Messenger.Query.csproj", "{2650D961-5402-4B7F-8E91-48AE34898A3E}"
EndProject
Project("{FAE04EC0-301F-11D3-BF4B-00C04F79EFBC}") = "Funkmap.Messenger.Tests", "Messenger\Funkmap.Messenger.Tests\Funkmap.Messenger.Tests.csproj", "{A6F502FB-FC60-4545-9D87-215B3AAEB0DA}"
EndProject
Project("{FAE04EC0-301F-11D3-BF4B-00C04F79EFBC}") = "Funkmap.Notifications", "Notifications\Funkmap.Notifications\Funkmap.Notifications.csproj", "{8515BAFF-45B7-433D-8486-E9CE68F97E09}"
EndProject
Project("{FAE04EC0-301F-11D3-BF4B-00C04F79EFBC}") = "Funkmap.Notifications.Data", "Notifications\Funkmap.Notifications.Data\Funkmap.Notifications.Data.csproj", "{6A86C558-8133-4F9F-857A-60DF8496CEB4}"
EndProject
Project("{FAE04EC0-301F-11D3-BF4B-00C04F79EFBC}") = "Funkmap", "Funkmap\Funkmap\Funkmap.csproj", "{27669BFD-E68A-436D-833F-1167C244BD59}"
EndProject
Project("{FAE04EC0-301F-11D3-BF4B-00C04F79EFBC}") = "Funkmap.Data", "Funkmap\Funkmap.Data\Funkmap.Data.csproj", "{F0A4E106-3CDE-4CDD-B4A5-D441EFA9D07F}"
EndProject
Project("{FAE04EC0-301F-11D3-BF4B-00C04F79EFBC}") = "Funkmap.Data.Entities", "Funkmap\Funkmap.Data.Entities\Funkmap.Data.Entities.csproj", "{348B4CEA-36C7-4593-94B7-2E064B65F9B1}"
EndProject
Project("{FAE04EC0-301F-11D3-BF4B-00C04F79EFBC}") = "Funkmap.Messenger.Contracts", "Messenger\Funkmap.Messenger.Contracts\Funkmap.Messenger.Contracts.csproj", "{210A14C5-7305-489D-B066-3509CD03B2DC}"
EndProject
Project("{9A19103F-16F7-4668-BE54-9A1E7A4F7556}") = "Funkmap.Auth.Client", "Auth\Funkmap.Auth.Client\Funkmap.Auth.Client.csproj", "{B39D97CC-DF11-4288-A3DF-6A2DBBB41958}"
EndProject
Project("{9A19103F-16F7-4668-BE54-9A1E7A4F7556}") = "Funkmap.Auth.Contracts", "Auth\Funkmap.Auth.Contracts\Funkmap.Auth.Contracts.csproj", "{2A2EB249-15EF-4925-BFD0-CCC3FB6EBDE6}"
EndProject
Project("{9A19103F-16F7-4668-BE54-9A1E7A4F7556}") = "Funkmap.Payments.Contracts", "..\funkmap-payments\Funkmap.Payments.Contracts\Funkmap.Payments.Contracts.csproj", "{76F9D971-8D52-42C5-9D72-358E4B415EB9}"
EndProject
Project("{9A19103F-16F7-4668-BE54-9A1E7A4F7556}") = "Funkmap.Auth.Domain", "Auth\Funkmap.Auth.Domain\Funkmap.Auth.Domain.csproj", "{2F87AAF2-1D51-4FF1-9278-11C3A035FD1D}"
EndProject
Project("{9A19103F-16F7-4668-BE54-9A1E7A4F7556}") = "Funkmap.Notifications.Domain", "Notifications\Funkmap.Notifications.Domain\Funkmap.Notifications.Domain.csproj", "{7619A684-E14A-4027-8146-F7D7FDD9F70E}"
EndProject
Project("{9A19103F-16F7-4668-BE54-9A1E7A4F7556}") = "Funkmap.Notifications.Contracts", "Notifications\Funkmap.Notifications.Contracts\Funkmap.Notifications.Contracts.csproj", "{71C444C6-9282-4C6D-9997-93C01E1CBEB4}"
EndProject
Project("{FAE04EC0-301F-11D3-BF4B-00C04F79EFBC}") = "Funkmap.Domain", "Funkmap\Funkmap.Domain\Funkmap.Domain.csproj", "{C54EB1B7-A4E5-490F-9680-184A3A42EF6D}"
EndProject
Project("{FAE04EC0-301F-11D3-BF4B-00C04F79EFBC}") = "Funkmap.Feedback.Web", "Feedback\Funkmap.Feedback.Web\Funkmap.Feedback.Web.csproj", "{CF40BABF-19E7-4DB2-840B-6844B8872E9D}"
EndProject
Project("{FAE04EC0-301F-11D3-BF4B-00C04F79EFBC}") = "Funkmap.Feedback", "Feedback\Funkmap.Feedback\Funkmap.Feedback.csproj", "{A6561F70-F877-4AB3-95E3-530BBF5771BA}"
EndProject
Project("{FAE04EC0-301F-11D3-BF4B-00C04F79EFBC}") = "Funkmap.Feedback.Entities", "Feedback\Funkmap.Feedback.Entities\Funkmap.Feedback.Entities.csproj", "{C03CEF9C-CD16-450B-951C-52EE03F04C3E}"
EndProject
Project("{FAE04EC0-301F-11D3-BF4B-00C04F79EFBC}") = "Funkmap.Feedback.Command", "Feedback\Funkmap.Feedback.Command\Funkmap.Feedback.Command.csproj", "{91CFE26B-C313-444A-9F84-D1AAFCF3CBD2}"
EndProject
Project("{FAE04EC0-301F-11D3-BF4B-00C04F79EFBC}") = "Funkmap.Common.Data.Mongo", "Common\Funkmap.Common.Data.Mongo\Funkmap.Common.Data.Mongo.csproj", "{8C70AD41-ACC9-4D95-9E5C-CDEACBD0AB05}"
EndProject
Global
	GlobalSection(SolutionConfigurationPlatforms) = preSolution
		Debug|Any CPU = Debug|Any CPU
		Release|Any CPU = Release|Any CPU
	EndGlobalSection
	GlobalSection(ProjectConfigurationPlatforms) = postSolution
		{164CD98E-9837-4A5F-B388-9823CD58EC3E}.Debug|Any CPU.ActiveCfg = Debug|Any CPU
		{164CD98E-9837-4A5F-B388-9823CD58EC3E}.Debug|Any CPU.Build.0 = Debug|Any CPU
		{164CD98E-9837-4A5F-B388-9823CD58EC3E}.Release|Any CPU.ActiveCfg = Release|Any CPU
		{164CD98E-9837-4A5F-B388-9823CD58EC3E}.Release|Any CPU.Build.0 = Release|Any CPU
		{2D178C9D-E17A-4735-B29C-0AE9DEA0B195}.Debug|Any CPU.ActiveCfg = Debug|Any CPU
		{2D178C9D-E17A-4735-B29C-0AE9DEA0B195}.Debug|Any CPU.Build.0 = Debug|Any CPU
		{2D178C9D-E17A-4735-B29C-0AE9DEA0B195}.Release|Any CPU.ActiveCfg = Release|Any CPU
		{2D178C9D-E17A-4735-B29C-0AE9DEA0B195}.Release|Any CPU.Build.0 = Release|Any CPU
		{033D35C6-65E8-41CB-B697-37F0CBC5972B}.Debug|Any CPU.ActiveCfg = Debug|Any CPU
		{033D35C6-65E8-41CB-B697-37F0CBC5972B}.Debug|Any CPU.Build.0 = Debug|Any CPU
		{033D35C6-65E8-41CB-B697-37F0CBC5972B}.Release|Any CPU.ActiveCfg = Release|Any CPU
		{033D35C6-65E8-41CB-B697-37F0CBC5972B}.Release|Any CPU.Build.0 = Release|Any CPU
		{09F63484-6A51-4BC7-A0B4-BE399E0723CD}.Debug|Any CPU.ActiveCfg = Debug|Any CPU
		{09F63484-6A51-4BC7-A0B4-BE399E0723CD}.Debug|Any CPU.Build.0 = Debug|Any CPU
		{09F63484-6A51-4BC7-A0B4-BE399E0723CD}.Release|Any CPU.ActiveCfg = Release|Any CPU
		{09F63484-6A51-4BC7-A0B4-BE399E0723CD}.Release|Any CPU.Build.0 = Release|Any CPU
		{A1388A76-7550-4C06-9486-2FE5A4AD6ED5}.Debug|Any CPU.ActiveCfg = Debug|Any CPU
		{A1388A76-7550-4C06-9486-2FE5A4AD6ED5}.Debug|Any CPU.Build.0 = Debug|Any CPU
		{A1388A76-7550-4C06-9486-2FE5A4AD6ED5}.Release|Any CPU.ActiveCfg = Release|Any CPU
		{A1388A76-7550-4C06-9486-2FE5A4AD6ED5}.Release|Any CPU.Build.0 = Release|Any CPU
		{FF7B77EF-8064-489F-8918-035CEA73F719}.Debug|Any CPU.ActiveCfg = Debug|Any CPU
		{FF7B77EF-8064-489F-8918-035CEA73F719}.Debug|Any CPU.Build.0 = Debug|Any CPU
		{FF7B77EF-8064-489F-8918-035CEA73F719}.Release|Any CPU.ActiveCfg = Release|Any CPU
		{FF7B77EF-8064-489F-8918-035CEA73F719}.Release|Any CPU.Build.0 = Release|Any CPU
		{7C85C2D4-B28D-41A6-BC52-7B4BAE1E528C}.Debug|Any CPU.ActiveCfg = Debug|Any CPU
		{7C85C2D4-B28D-41A6-BC52-7B4BAE1E528C}.Debug|Any CPU.Build.0 = Debug|Any CPU
		{7C85C2D4-B28D-41A6-BC52-7B4BAE1E528C}.Release|Any CPU.ActiveCfg = Release|Any CPU
		{7C85C2D4-B28D-41A6-BC52-7B4BAE1E528C}.Release|Any CPU.Build.0 = Release|Any CPU
		{CC5B36A9-D49F-4583-B74C-D2F3A17087A4}.Debug|Any CPU.ActiveCfg = Debug|Any CPU
		{CC5B36A9-D49F-4583-B74C-D2F3A17087A4}.Debug|Any CPU.Build.0 = Debug|Any CPU
		{CC5B36A9-D49F-4583-B74C-D2F3A17087A4}.Release|Any CPU.ActiveCfg = Release|Any CPU
		{CC5B36A9-D49F-4583-B74C-D2F3A17087A4}.Release|Any CPU.Build.0 = Release|Any CPU
		{A7957BFB-CF3B-4820-A929-F53FCAFFA00D}.Debug|Any CPU.ActiveCfg = Debug|Any CPU
		{A7957BFB-CF3B-4820-A929-F53FCAFFA00D}.Debug|Any CPU.Build.0 = Debug|Any CPU
		{A7957BFB-CF3B-4820-A929-F53FCAFFA00D}.Release|Any CPU.ActiveCfg = Release|Any CPU
		{A7957BFB-CF3B-4820-A929-F53FCAFFA00D}.Release|Any CPU.Build.0 = Release|Any CPU
		{15E79617-9CDA-496E-84EF-0198FEA0B4B8}.Debug|Any CPU.ActiveCfg = Debug|Any CPU
		{15E79617-9CDA-496E-84EF-0198FEA0B4B8}.Debug|Any CPU.Build.0 = Debug|Any CPU
		{15E79617-9CDA-496E-84EF-0198FEA0B4B8}.Release|Any CPU.ActiveCfg = Release|Any CPU
		{15E79617-9CDA-496E-84EF-0198FEA0B4B8}.Release|Any CPU.Build.0 = Release|Any CPU
		{16A45066-051D-487E-86AA-0D1495E482A7}.Debug|Any CPU.ActiveCfg = Debug|Any CPU
		{16A45066-051D-487E-86AA-0D1495E482A7}.Debug|Any CPU.Build.0 = Debug|Any CPU
		{16A45066-051D-487E-86AA-0D1495E482A7}.Release|Any CPU.ActiveCfg = Release|Any CPU
		{16A45066-051D-487E-86AA-0D1495E482A7}.Release|Any CPU.Build.0 = Release|Any CPU
		{2650D961-5402-4B7F-8E91-48AE34898A3E}.Debug|Any CPU.ActiveCfg = Debug|Any CPU
		{2650D961-5402-4B7F-8E91-48AE34898A3E}.Debug|Any CPU.Build.0 = Debug|Any CPU
		{2650D961-5402-4B7F-8E91-48AE34898A3E}.Release|Any CPU.ActiveCfg = Release|Any CPU
		{2650D961-5402-4B7F-8E91-48AE34898A3E}.Release|Any CPU.Build.0 = Release|Any CPU
		{A6F502FB-FC60-4545-9D87-215B3AAEB0DA}.Debug|Any CPU.ActiveCfg = Debug|Any CPU
		{A6F502FB-FC60-4545-9D87-215B3AAEB0DA}.Debug|Any CPU.Build.0 = Debug|Any CPU
		{A6F502FB-FC60-4545-9D87-215B3AAEB0DA}.Release|Any CPU.ActiveCfg = Release|Any CPU
		{A6F502FB-FC60-4545-9D87-215B3AAEB0DA}.Release|Any CPU.Build.0 = Release|Any CPU
		{8515BAFF-45B7-433D-8486-E9CE68F97E09}.Debug|Any CPU.ActiveCfg = Debug|Any CPU
		{8515BAFF-45B7-433D-8486-E9CE68F97E09}.Debug|Any CPU.Build.0 = Debug|Any CPU
		{8515BAFF-45B7-433D-8486-E9CE68F97E09}.Release|Any CPU.ActiveCfg = Release|Any CPU
		{8515BAFF-45B7-433D-8486-E9CE68F97E09}.Release|Any CPU.Build.0 = Release|Any CPU
		{6A86C558-8133-4F9F-857A-60DF8496CEB4}.Debug|Any CPU.ActiveCfg = Debug|Any CPU
		{6A86C558-8133-4F9F-857A-60DF8496CEB4}.Debug|Any CPU.Build.0 = Debug|Any CPU
		{6A86C558-8133-4F9F-857A-60DF8496CEB4}.Release|Any CPU.ActiveCfg = Release|Any CPU
		{6A86C558-8133-4F9F-857A-60DF8496CEB4}.Release|Any CPU.Build.0 = Release|Any CPU
		{27669BFD-E68A-436D-833F-1167C244BD59}.Debug|Any CPU.ActiveCfg = Debug|Any CPU
		{27669BFD-E68A-436D-833F-1167C244BD59}.Debug|Any CPU.Build.0 = Debug|Any CPU
		{27669BFD-E68A-436D-833F-1167C244BD59}.Release|Any CPU.ActiveCfg = Release|Any CPU
		{27669BFD-E68A-436D-833F-1167C244BD59}.Release|Any CPU.Build.0 = Release|Any CPU
		{F0A4E106-3CDE-4CDD-B4A5-D441EFA9D07F}.Debug|Any CPU.ActiveCfg = Debug|Any CPU
		{F0A4E106-3CDE-4CDD-B4A5-D441EFA9D07F}.Debug|Any CPU.Build.0 = Debug|Any CPU
		{F0A4E106-3CDE-4CDD-B4A5-D441EFA9D07F}.Release|Any CPU.ActiveCfg = Release|Any CPU
		{F0A4E106-3CDE-4CDD-B4A5-D441EFA9D07F}.Release|Any CPU.Build.0 = Release|Any CPU
		{348B4CEA-36C7-4593-94B7-2E064B65F9B1}.Debug|Any CPU.ActiveCfg = Debug|Any CPU
		{348B4CEA-36C7-4593-94B7-2E064B65F9B1}.Debug|Any CPU.Build.0 = Debug|Any CPU
		{348B4CEA-36C7-4593-94B7-2E064B65F9B1}.Release|Any CPU.ActiveCfg = Release|Any CPU
		{348B4CEA-36C7-4593-94B7-2E064B65F9B1}.Release|Any CPU.Build.0 = Release|Any CPU
		{210A14C5-7305-489D-B066-3509CD03B2DC}.Debug|Any CPU.ActiveCfg = Debug|Any CPU
		{210A14C5-7305-489D-B066-3509CD03B2DC}.Debug|Any CPU.Build.0 = Debug|Any CPU
		{210A14C5-7305-489D-B066-3509CD03B2DC}.Release|Any CPU.ActiveCfg = Release|Any CPU
		{210A14C5-7305-489D-B066-3509CD03B2DC}.Release|Any CPU.Build.0 = Release|Any CPU
		{B39D97CC-DF11-4288-A3DF-6A2DBBB41958}.Debug|Any CPU.ActiveCfg = Debug|Any CPU
		{B39D97CC-DF11-4288-A3DF-6A2DBBB41958}.Debug|Any CPU.Build.0 = Debug|Any CPU
		{B39D97CC-DF11-4288-A3DF-6A2DBBB41958}.Release|Any CPU.ActiveCfg = Release|Any CPU
		{B39D97CC-DF11-4288-A3DF-6A2DBBB41958}.Release|Any CPU.Build.0 = Release|Any CPU
		{2A2EB249-15EF-4925-BFD0-CCC3FB6EBDE6}.Debug|Any CPU.ActiveCfg = Debug|Any CPU
		{2A2EB249-15EF-4925-BFD0-CCC3FB6EBDE6}.Debug|Any CPU.Build.0 = Debug|Any CPU
		{2A2EB249-15EF-4925-BFD0-CCC3FB6EBDE6}.Release|Any CPU.ActiveCfg = Release|Any CPU
		{2A2EB249-15EF-4925-BFD0-CCC3FB6EBDE6}.Release|Any CPU.Build.0 = Release|Any CPU
		{76F9D971-8D52-42C5-9D72-358E4B415EB9}.Debug|Any CPU.ActiveCfg = Debug|Any CPU
		{76F9D971-8D52-42C5-9D72-358E4B415EB9}.Debug|Any CPU.Build.0 = Debug|Any CPU
		{76F9D971-8D52-42C5-9D72-358E4B415EB9}.Release|Any CPU.ActiveCfg = Release|Any CPU
		{76F9D971-8D52-42C5-9D72-358E4B415EB9}.Release|Any CPU.Build.0 = Release|Any CPU
		{2F87AAF2-1D51-4FF1-9278-11C3A035FD1D}.Debug|Any CPU.ActiveCfg = Debug|Any CPU
		{2F87AAF2-1D51-4FF1-9278-11C3A035FD1D}.Debug|Any CPU.Build.0 = Debug|Any CPU
		{2F87AAF2-1D51-4FF1-9278-11C3A035FD1D}.Release|Any CPU.ActiveCfg = Release|Any CPU
		{2F87AAF2-1D51-4FF1-9278-11C3A035FD1D}.Release|Any CPU.Build.0 = Release|Any CPU
		{7619A684-E14A-4027-8146-F7D7FDD9F70E}.Debug|Any CPU.ActiveCfg = Debug|Any CPU
		{7619A684-E14A-4027-8146-F7D7FDD9F70E}.Debug|Any CPU.Build.0 = Debug|Any CPU
		{7619A684-E14A-4027-8146-F7D7FDD9F70E}.Release|Any CPU.ActiveCfg = Release|Any CPU
		{7619A684-E14A-4027-8146-F7D7FDD9F70E}.Release|Any CPU.Build.0 = Release|Any CPU
		{71C444C6-9282-4C6D-9997-93C01E1CBEB4}.Debug|Any CPU.ActiveCfg = Debug|Any CPU
		{71C444C6-9282-4C6D-9997-93C01E1CBEB4}.Debug|Any CPU.Build.0 = Debug|Any CPU
		{71C444C6-9282-4C6D-9997-93C01E1CBEB4}.Release|Any CPU.ActiveCfg = Release|Any CPU
		{71C444C6-9282-4C6D-9997-93C01E1CBEB4}.Release|Any CPU.Build.0 = Release|Any CPU
		{C54EB1B7-A4E5-490F-9680-184A3A42EF6D}.Debug|Any CPU.ActiveCfg = Debug|Any CPU
		{C54EB1B7-A4E5-490F-9680-184A3A42EF6D}.Debug|Any CPU.Build.0 = Debug|Any CPU
		{C54EB1B7-A4E5-490F-9680-184A3A42EF6D}.Release|Any CPU.ActiveCfg = Release|Any CPU
		{C54EB1B7-A4E5-490F-9680-184A3A42EF6D}.Release|Any CPU.Build.0 = Release|Any CPU
		{CF40BABF-19E7-4DB2-840B-6844B8872E9D}.Debug|Any CPU.ActiveCfg = Debug|Any CPU
		{CF40BABF-19E7-4DB2-840B-6844B8872E9D}.Debug|Any CPU.Build.0 = Debug|Any CPU
		{CF40BABF-19E7-4DB2-840B-6844B8872E9D}.Release|Any CPU.ActiveCfg = Release|Any CPU
		{CF40BABF-19E7-4DB2-840B-6844B8872E9D}.Release|Any CPU.Build.0 = Release|Any CPU
		{A6561F70-F877-4AB3-95E3-530BBF5771BA}.Debug|Any CPU.ActiveCfg = Debug|Any CPU
		{A6561F70-F877-4AB3-95E3-530BBF5771BA}.Debug|Any CPU.Build.0 = Debug|Any CPU
		{A6561F70-F877-4AB3-95E3-530BBF5771BA}.Release|Any CPU.ActiveCfg = Release|Any CPU
		{A6561F70-F877-4AB3-95E3-530BBF5771BA}.Release|Any CPU.Build.0 = Release|Any CPU
		{C03CEF9C-CD16-450B-951C-52EE03F04C3E}.Debug|Any CPU.ActiveCfg = Debug|Any CPU
		{C03CEF9C-CD16-450B-951C-52EE03F04C3E}.Debug|Any CPU.Build.0 = Debug|Any CPU
		{C03CEF9C-CD16-450B-951C-52EE03F04C3E}.Release|Any CPU.ActiveCfg = Release|Any CPU
		{C03CEF9C-CD16-450B-951C-52EE03F04C3E}.Release|Any CPU.Build.0 = Release|Any CPU
		{91CFE26B-C313-444A-9F84-D1AAFCF3CBD2}.Debug|Any CPU.ActiveCfg = Debug|Any CPU
		{91CFE26B-C313-444A-9F84-D1AAFCF3CBD2}.Debug|Any CPU.Build.0 = Debug|Any CPU
		{91CFE26B-C313-444A-9F84-D1AAFCF3CBD2}.Release|Any CPU.ActiveCfg = Release|Any CPU
		{91CFE26B-C313-444A-9F84-D1AAFCF3CBD2}.Release|Any CPU.Build.0 = Release|Any CPU
		{8C70AD41-ACC9-4D95-9E5C-CDEACBD0AB05}.Debug|Any CPU.ActiveCfg = Debug|Any CPU
		{8C70AD41-ACC9-4D95-9E5C-CDEACBD0AB05}.Debug|Any CPU.Build.0 = Debug|Any CPU
		{8C70AD41-ACC9-4D95-9E5C-CDEACBD0AB05}.Release|Any CPU.ActiveCfg = Release|Any CPU
		{8C70AD41-ACC9-4D95-9E5C-CDEACBD0AB05}.Release|Any CPU.Build.0 = Release|Any CPU
	EndGlobalSection
	GlobalSection(SolutionProperties) = preSolution
		HideSolutionNode = FALSE
	EndGlobalSection
	GlobalSection(NestedProjects) = preSolution
		{09F63484-6A51-4BC7-A0B4-BE399E0723CD} = {09F81BB0-7C14-4D2F-8A3F-E621FC5089A2}
		{A1388A76-7550-4C06-9486-2FE5A4AD6ED5} = {09F81BB0-7C14-4D2F-8A3F-E621FC5089A2}
		{FF7B77EF-8064-489F-8918-035CEA73F719} = {09F81BB0-7C14-4D2F-8A3F-E621FC5089A2}
		{7C85C2D4-B28D-41A6-BC52-7B4BAE1E528C} = {83C3F360-228C-440D-8F95-E106470E5217}
		{CC5B36A9-D49F-4583-B74C-D2F3A17087A4} = {83C3F360-228C-440D-8F95-E106470E5217}
		{A7957BFB-CF3B-4820-A929-F53FCAFFA00D} = {171E6662-739B-430C-8F59-BD0F72FD9E45}
		{15E79617-9CDA-496E-84EF-0198FEA0B4B8} = {171E6662-739B-430C-8F59-BD0F72FD9E45}
		{16A45066-051D-487E-86AA-0D1495E482A7} = {171E6662-739B-430C-8F59-BD0F72FD9E45}
		{2650D961-5402-4B7F-8E91-48AE34898A3E} = {171E6662-739B-430C-8F59-BD0F72FD9E45}
		{A6F502FB-FC60-4545-9D87-215B3AAEB0DA} = {171E6662-739B-430C-8F59-BD0F72FD9E45}
		{8515BAFF-45B7-433D-8486-E9CE68F97E09} = {08290CCE-C71D-4BCA-A324-2E41CEEDB6AF}
		{6A86C558-8133-4F9F-857A-60DF8496CEB4} = {08290CCE-C71D-4BCA-A324-2E41CEEDB6AF}
		{27669BFD-E68A-436D-833F-1167C244BD59} = {F8D44C0B-033B-437D-9F31-B98D1C13904C}
		{F0A4E106-3CDE-4CDD-B4A5-D441EFA9D07F} = {F8D44C0B-033B-437D-9F31-B98D1C13904C}
		{348B4CEA-36C7-4593-94B7-2E064B65F9B1} = {F8D44C0B-033B-437D-9F31-B98D1C13904C}
		{210A14C5-7305-489D-B066-3509CD03B2DC} = {171E6662-739B-430C-8F59-BD0F72FD9E45}
		{B39D97CC-DF11-4288-A3DF-6A2DBBB41958} = {09F81BB0-7C14-4D2F-8A3F-E621FC5089A2}
		{2A2EB249-15EF-4925-BFD0-CCC3FB6EBDE6} = {09F81BB0-7C14-4D2F-8A3F-E621FC5089A2}
		{76F9D971-8D52-42C5-9D72-358E4B415EB9} = {F8D44C0B-033B-437D-9F31-B98D1C13904C}
		{2F87AAF2-1D51-4FF1-9278-11C3A035FD1D} = {09F81BB0-7C14-4D2F-8A3F-E621FC5089A2}
		{7619A684-E14A-4027-8146-F7D7FDD9F70E} = {08290CCE-C71D-4BCA-A324-2E41CEEDB6AF}
		{71C444C6-9282-4C6D-9997-93C01E1CBEB4} = {08290CCE-C71D-4BCA-A324-2E41CEEDB6AF}
		{C54EB1B7-A4E5-490F-9680-184A3A42EF6D} = {F8D44C0B-033B-437D-9F31-B98D1C13904C}
		{CF40BABF-19E7-4DB2-840B-6844B8872E9D} = {7A2FC844-1BE0-410F-96AE-4879CB3B3620}
		{A6561F70-F877-4AB3-95E3-530BBF5771BA} = {7A2FC844-1BE0-410F-96AE-4879CB3B3620}
		{C03CEF9C-CD16-450B-951C-52EE03F04C3E} = {7A2FC844-1BE0-410F-96AE-4879CB3B3620}
		{91CFE26B-C313-444A-9F84-D1AAFCF3CBD2} = {7A2FC844-1BE0-410F-96AE-4879CB3B3620}
		{8C70AD41-ACC9-4D95-9E5C-CDEACBD0AB05} = {83C3F360-228C-440D-8F95-E106470E5217}
	EndGlobalSection
	GlobalSection(ExtensibilityGlobals) = postSolution
		SolutionGuid = {33CAECAF-0197-4DA7-824F-1E608A52B263}
	EndGlobalSection
EndGlobal
