
Microsoft Visual Studio Solution File, Format Version 12.00
# Visual Studio 14
VisualStudioVersion = 14.0.25420.1
MinimumVisualStudioVersion = 10.0.40219.1
Project("{FAE04EC0-301F-11D3-BF4B-00C04F79EFBC}") = "Funkmap", "Funkmap\Funkmap.csproj", "{89FC7FD9-0F9B-4E52-B3FF-D0CF27CC7F72}"
EndProject
Project("{FAE04EC0-301F-11D3-BF4B-00C04F79EFBC}") = "Funkmap.Common", "Funkmap.Common\Funkmap.Common.csproj", "{7C85C2D4-B28D-41A6-BC52-7B4BAE1E528C}"
EndProject
Project("{FAE04EC0-301F-11D3-BF4B-00C04F79EFBC}") = "Funkmap.Module.Musician", "Funkmap.Module.Musician\Funkmap.Module.Musician.csproj", "{6BE3D851-4EF4-411A-869A-CFEA300EEFB6}"
EndProject
Project("{FAE04EC0-301F-11D3-BF4B-00C04F79EFBC}") = "Funkmap.Tests", "Funkmap.Tests\Funkmap.Tests.csproj", "{164CD98E-9837-4A5F-B388-9823CD58EC3E}"
EndProject
Project("{FAE04EC0-301F-11D3-BF4B-00C04F79EFBC}") = "Funkmap.Module.Search", "Funkmap.Module.Search\Funkmap.Module.Search.csproj", "{C42E795E-07F1-4719-9D35-65ECA3E77E6E}"
EndProject
Project("{2150E333-8FDC-42A3-9474-1A3956D46DE8}") = "Azure", "Azure", "{9D676585-20A0-4096-BA00-CF4C076935B4}"
EndProject
Project("{CC5FD16D-436D-48AD-A40C-5A424C6E3E79}") = "AzureService", "AzureService\AzureService.ccproj", "{D3F0BC04-9950-46FD-8A24-48DAE01EE4AD}"
EndProject
Project("{FAE04EC0-301F-11D3-BF4B-00C04F79EFBC}") = "FunkmapWorkerRole", "FunkmapWorkerRole\FunkmapWorkerRole.csproj", "{7D079E99-3AF2-44FF-9D99-30A8DD73A077}"
EndProject
Project("{2150E333-8FDC-42A3-9474-1A3956D46DE8}") = "Musician", "Musician", "{57F85DFC-8E4B-4694-9F7B-48B686AEFE33}"
EndProject
Project("{FAE04EC0-301F-11D3-BF4B-00C04F79EFBC}") = "Funkmap.Musician.Data", "Funkmap.Musician.Data\Funkmap.Musician.Data.csproj", "{B28B672A-239F-4879-8EC1-35AD8B680CB9}"
EndProject
Project("{2150E333-8FDC-42A3-9474-1A3956D46DE8}") = "Common", "Common", "{83C3F360-228C-440D-8F95-E106470E5217}"
EndProject
Project("{FAE04EC0-301F-11D3-BF4B-00C04F79EFBC}") = "Funkmap.Common.Data", "Funkmap.Common.Data\Funkmap.Common.Data.csproj", "{5A7801EA-883B-479A-A9F4-D2DB730EAEA1}"
EndProject
Global
	GlobalSection(SolutionConfigurationPlatforms) = preSolution
		Debug|Any CPU = Debug|Any CPU
		Release|Any CPU = Release|Any CPU
	EndGlobalSection
	GlobalSection(ProjectConfigurationPlatforms) = postSolution
		{89FC7FD9-0F9B-4E52-B3FF-D0CF27CC7F72}.Debug|Any CPU.ActiveCfg = Debug|Any CPU
		{89FC7FD9-0F9B-4E52-B3FF-D0CF27CC7F72}.Debug|Any CPU.Build.0 = Debug|Any CPU
		{89FC7FD9-0F9B-4E52-B3FF-D0CF27CC7F72}.Release|Any CPU.ActiveCfg = Release|Any CPU
		{89FC7FD9-0F9B-4E52-B3FF-D0CF27CC7F72}.Release|Any CPU.Build.0 = Release|Any CPU
		{7C85C2D4-B28D-41A6-BC52-7B4BAE1E528C}.Debug|Any CPU.ActiveCfg = Debug|Any CPU
		{7C85C2D4-B28D-41A6-BC52-7B4BAE1E528C}.Debug|Any CPU.Build.0 = Debug|Any CPU
		{7C85C2D4-B28D-41A6-BC52-7B4BAE1E528C}.Release|Any CPU.ActiveCfg = Release|Any CPU
		{7C85C2D4-B28D-41A6-BC52-7B4BAE1E528C}.Release|Any CPU.Build.0 = Release|Any CPU
		{6BE3D851-4EF4-411A-869A-CFEA300EEFB6}.Debug|Any CPU.ActiveCfg = Debug|Any CPU
		{6BE3D851-4EF4-411A-869A-CFEA300EEFB6}.Debug|Any CPU.Build.0 = Debug|Any CPU
		{6BE3D851-4EF4-411A-869A-CFEA300EEFB6}.Release|Any CPU.ActiveCfg = Release|Any CPU
		{6BE3D851-4EF4-411A-869A-CFEA300EEFB6}.Release|Any CPU.Build.0 = Release|Any CPU
		{164CD98E-9837-4A5F-B388-9823CD58EC3E}.Debug|Any CPU.ActiveCfg = Debug|Any CPU
		{164CD98E-9837-4A5F-B388-9823CD58EC3E}.Debug|Any CPU.Build.0 = Debug|Any CPU
		{164CD98E-9837-4A5F-B388-9823CD58EC3E}.Release|Any CPU.ActiveCfg = Release|Any CPU
		{164CD98E-9837-4A5F-B388-9823CD58EC3E}.Release|Any CPU.Build.0 = Release|Any CPU
		{C42E795E-07F1-4719-9D35-65ECA3E77E6E}.Debug|Any CPU.ActiveCfg = Debug|Any CPU
		{C42E795E-07F1-4719-9D35-65ECA3E77E6E}.Debug|Any CPU.Build.0 = Debug|Any CPU
		{C42E795E-07F1-4719-9D35-65ECA3E77E6E}.Release|Any CPU.ActiveCfg = Release|Any CPU
		{C42E795E-07F1-4719-9D35-65ECA3E77E6E}.Release|Any CPU.Build.0 = Release|Any CPU
		{D3F0BC04-9950-46FD-8A24-48DAE01EE4AD}.Debug|Any CPU.ActiveCfg = Debug|Any CPU
		{D3F0BC04-9950-46FD-8A24-48DAE01EE4AD}.Debug|Any CPU.Build.0 = Debug|Any CPU
		{D3F0BC04-9950-46FD-8A24-48DAE01EE4AD}.Release|Any CPU.ActiveCfg = Release|Any CPU
		{D3F0BC04-9950-46FD-8A24-48DAE01EE4AD}.Release|Any CPU.Build.0 = Release|Any CPU
		{7D079E99-3AF2-44FF-9D99-30A8DD73A077}.Debug|Any CPU.ActiveCfg = Debug|Any CPU
		{7D079E99-3AF2-44FF-9D99-30A8DD73A077}.Debug|Any CPU.Build.0 = Debug|Any CPU
		{7D079E99-3AF2-44FF-9D99-30A8DD73A077}.Release|Any CPU.ActiveCfg = Release|Any CPU
		{7D079E99-3AF2-44FF-9D99-30A8DD73A077}.Release|Any CPU.Build.0 = Release|Any CPU
		{B28B672A-239F-4879-8EC1-35AD8B680CB9}.Debug|Any CPU.ActiveCfg = Debug|Any CPU
		{B28B672A-239F-4879-8EC1-35AD8B680CB9}.Debug|Any CPU.Build.0 = Debug|Any CPU
		{B28B672A-239F-4879-8EC1-35AD8B680CB9}.Release|Any CPU.ActiveCfg = Release|Any CPU
		{B28B672A-239F-4879-8EC1-35AD8B680CB9}.Release|Any CPU.Build.0 = Release|Any CPU
		{5A7801EA-883B-479A-A9F4-D2DB730EAEA1}.Debug|Any CPU.ActiveCfg = Debug|Any CPU
		{5A7801EA-883B-479A-A9F4-D2DB730EAEA1}.Debug|Any CPU.Build.0 = Debug|Any CPU
		{5A7801EA-883B-479A-A9F4-D2DB730EAEA1}.Release|Any CPU.ActiveCfg = Release|Any CPU
		{5A7801EA-883B-479A-A9F4-D2DB730EAEA1}.Release|Any CPU.Build.0 = Release|Any CPU
	EndGlobalSection
	GlobalSection(SolutionProperties) = preSolution
		HideSolutionNode = FALSE
	EndGlobalSection
	GlobalSection(NestedProjects) = preSolution
		{7C85C2D4-B28D-41A6-BC52-7B4BAE1E528C} = {83C3F360-228C-440D-8F95-E106470E5217}
		{6BE3D851-4EF4-411A-869A-CFEA300EEFB6} = {57F85DFC-8E4B-4694-9F7B-48B686AEFE33}
		{D3F0BC04-9950-46FD-8A24-48DAE01EE4AD} = {9D676585-20A0-4096-BA00-CF4C076935B4}
		{7D079E99-3AF2-44FF-9D99-30A8DD73A077} = {9D676585-20A0-4096-BA00-CF4C076935B4}
		{B28B672A-239F-4879-8EC1-35AD8B680CB9} = {57F85DFC-8E4B-4694-9F7B-48B686AEFE33}
		{5A7801EA-883B-479A-A9F4-D2DB730EAEA1} = {83C3F360-228C-440D-8F95-E106470E5217}
	EndGlobalSection
EndGlobal
