
Microsoft Visual Studio Solution File, Format Version 12.00
# Visual Studio 14
VisualStudioVersion = 14.0.25420.1
MinimumVisualStudioVersion = 10.0.40219.1
Project("{FAE04EC0-301F-11D3-BF4B-00C04F79EFBC}") = "Funkmap.Common", "Funkmap.Common\Funkmap.Common.csproj", "{7C85C2D4-B28D-41A6-BC52-7B4BAE1E528C}"
EndProject
Project("{FAE04EC0-301F-11D3-BF4B-00C04F79EFBC}") = "Funkmap.Tests", "Funkmap.Tests\Funkmap.Tests.csproj", "{164CD98E-9837-4A5F-B388-9823CD58EC3E}"
EndProject
Project("{2150E333-8FDC-42A3-9474-1A3956D46DE8}") = "Common", "Common", "{83C3F360-228C-440D-8F95-E106470E5217}"
EndProject
Project("{FAE04EC0-301F-11D3-BF4B-00C04F79EFBC}") = "Funkmap.Common.Data", "Funkmap.Common.Data\Funkmap.Common.Data.csproj", "{5A7801EA-883B-479A-A9F4-D2DB730EAEA1}"
EndProject
Project("{FAE04EC0-301F-11D3-BF4B-00C04F79EFBC}") = "Funkmap.Module.Auth", "Funkmap.Auth\Funkmap.Module.Auth.csproj", "{09F63484-6A51-4BC7-A0B4-BE399E0723CD}"
EndProject
Project("{2150E333-8FDC-42A3-9474-1A3956D46DE8}") = "Auth", "Auth", "{09F81BB0-7C14-4D2F-8A3F-E621FC5089A2}"
EndProject
Project("{FAE04EC0-301F-11D3-BF4B-00C04F79EFBC}") = "Funkmap.Auth.Data", "Funkmap.Auth.Data\Funkmap.Auth.Data.csproj", "{A1388A76-7550-4C06-9486-2FE5A4AD6ED5}"
EndProject
Project("{FAE04EC0-301F-11D3-BF4B-00C04F79EFBC}") = "Funkmap.Web", "Funkmap.Web\Funkmap.Web.csproj", "{8DC1D182-24EA-467E-A9CF-C1833B6977A1}"
EndProject
Project("{FAE04EC0-301F-11D3-BF4B-00C04F79EFBC}") = "Funkmap.Console", "Funkmap.Console\Funkmap.Console.csproj", "{61AFCC5A-0521-4ED3-A21B-6313F1A05945}"
EndProject
Project("{FAE04EC0-301F-11D3-BF4B-00C04F79EFBC}") = "Funkmap.Middleware", "Funkmap.Middleware\Funkmap.Middleware.csproj", "{2D178C9D-E17A-4735-B29C-0AE9DEA0B195}"
EndProject
Project("{2150E333-8FDC-42A3-9474-1A3956D46DE8}") = "Funkmap", "Funkmap", "{F8D44C0B-033B-437D-9F31-B98D1C13904C}"
EndProject
Project("{FAE04EC0-301F-11D3-BF4B-00C04F79EFBC}") = "Funkmap.Data", "Funkmap.Data\Funkmap.Data.csproj", "{F0A4E106-3CDE-4CDD-B4A5-D441EFA9D07F}"
EndProject
Project("{FAE04EC0-301F-11D3-BF4B-00C04F79EFBC}") = "Funkmap.Common.Data.Mongo", "Funkmap.Common.Data.Mongo\Funkmap.Common.Data.Mongo.csproj", "{7D0761C4-DD1A-4AC0-AB3E-4078A00208CD}"
EndProject
Project("{FAE04EC0-301F-11D3-BF4B-00C04F79EFBC}") = "Funkmap", "Funkmap\Funkmap.csproj", "{27669BFD-E68A-436D-833F-1167C244BD59}"
EndProject
Project("{2150E333-8FDC-42A3-9474-1A3956D46DE8}") = "Messenger", "Messenger", "{171E6662-739B-430C-8F59-BD0F72FD9E45}"
EndProject
Project("{FAE04EC0-301F-11D3-BF4B-00C04F79EFBC}") = "Funkmap.Messenger", "Funkmap.Messenger\Funkmap.Messenger.csproj", "{A7957BFB-CF3B-4820-A929-F53FCAFFA00D}"
EndProject
Project("{FAE04EC0-301F-11D3-BF4B-00C04F79EFBC}") = "Funkmap.Messenger.Data", "Funkmap.Messenger.Data\Funkmap.Messenger.Data.csproj", "{592D2C7A-FF06-45E5-B9AB-BF25F83815D0}"
EndProject
Global
	GlobalSection(SolutionConfigurationPlatforms) = preSolution
		Debug|Any CPU = Debug|Any CPU
		Release|Any CPU = Release|Any CPU
	EndGlobalSection
	GlobalSection(ProjectConfigurationPlatforms) = postSolution
		{7C85C2D4-B28D-41A6-BC52-7B4BAE1E528C}.Debug|Any CPU.ActiveCfg = Debug|Any CPU
		{7C85C2D4-B28D-41A6-BC52-7B4BAE1E528C}.Debug|Any CPU.Build.0 = Debug|Any CPU
		{7C85C2D4-B28D-41A6-BC52-7B4BAE1E528C}.Release|Any CPU.ActiveCfg = Release|Any CPU
		{7C85C2D4-B28D-41A6-BC52-7B4BAE1E528C}.Release|Any CPU.Build.0 = Release|Any CPU
		{164CD98E-9837-4A5F-B388-9823CD58EC3E}.Debug|Any CPU.ActiveCfg = Debug|Any CPU
		{164CD98E-9837-4A5F-B388-9823CD58EC3E}.Debug|Any CPU.Build.0 = Debug|Any CPU
		{164CD98E-9837-4A5F-B388-9823CD58EC3E}.Release|Any CPU.ActiveCfg = Release|Any CPU
		{164CD98E-9837-4A5F-B388-9823CD58EC3E}.Release|Any CPU.Build.0 = Release|Any CPU
		{5A7801EA-883B-479A-A9F4-D2DB730EAEA1}.Debug|Any CPU.ActiveCfg = Debug|Any CPU
		{5A7801EA-883B-479A-A9F4-D2DB730EAEA1}.Debug|Any CPU.Build.0 = Debug|Any CPU
		{5A7801EA-883B-479A-A9F4-D2DB730EAEA1}.Release|Any CPU.ActiveCfg = Release|Any CPU
		{5A7801EA-883B-479A-A9F4-D2DB730EAEA1}.Release|Any CPU.Build.0 = Release|Any CPU
		{09F63484-6A51-4BC7-A0B4-BE399E0723CD}.Debug|Any CPU.ActiveCfg = Debug|Any CPU
		{09F63484-6A51-4BC7-A0B4-BE399E0723CD}.Debug|Any CPU.Build.0 = Debug|Any CPU
		{09F63484-6A51-4BC7-A0B4-BE399E0723CD}.Release|Any CPU.ActiveCfg = Release|Any CPU
		{09F63484-6A51-4BC7-A0B4-BE399E0723CD}.Release|Any CPU.Build.0 = Release|Any CPU
		{A1388A76-7550-4C06-9486-2FE5A4AD6ED5}.Debug|Any CPU.ActiveCfg = Debug|Any CPU
		{A1388A76-7550-4C06-9486-2FE5A4AD6ED5}.Debug|Any CPU.Build.0 = Debug|Any CPU
		{A1388A76-7550-4C06-9486-2FE5A4AD6ED5}.Release|Any CPU.ActiveCfg = Release|Any CPU
		{A1388A76-7550-4C06-9486-2FE5A4AD6ED5}.Release|Any CPU.Build.0 = Release|Any CPU
		{8DC1D182-24EA-467E-A9CF-C1833B6977A1}.Debug|Any CPU.ActiveCfg = Debug|Any CPU
		{8DC1D182-24EA-467E-A9CF-C1833B6977A1}.Debug|Any CPU.Build.0 = Debug|Any CPU
		{8DC1D182-24EA-467E-A9CF-C1833B6977A1}.Release|Any CPU.ActiveCfg = Release|Any CPU
		{8DC1D182-24EA-467E-A9CF-C1833B6977A1}.Release|Any CPU.Build.0 = Release|Any CPU
		{61AFCC5A-0521-4ED3-A21B-6313F1A05945}.Debug|Any CPU.ActiveCfg = Debug|Any CPU
		{61AFCC5A-0521-4ED3-A21B-6313F1A05945}.Debug|Any CPU.Build.0 = Debug|Any CPU
		{61AFCC5A-0521-4ED3-A21B-6313F1A05945}.Release|Any CPU.ActiveCfg = Release|Any CPU
		{61AFCC5A-0521-4ED3-A21B-6313F1A05945}.Release|Any CPU.Build.0 = Release|Any CPU
		{2D178C9D-E17A-4735-B29C-0AE9DEA0B195}.Debug|Any CPU.ActiveCfg = Debug|Any CPU
		{2D178C9D-E17A-4735-B29C-0AE9DEA0B195}.Debug|Any CPU.Build.0 = Debug|Any CPU
		{2D178C9D-E17A-4735-B29C-0AE9DEA0B195}.Release|Any CPU.ActiveCfg = Release|Any CPU
		{2D178C9D-E17A-4735-B29C-0AE9DEA0B195}.Release|Any CPU.Build.0 = Release|Any CPU
		{F0A4E106-3CDE-4CDD-B4A5-D441EFA9D07F}.Debug|Any CPU.ActiveCfg = Debug|Any CPU
		{F0A4E106-3CDE-4CDD-B4A5-D441EFA9D07F}.Debug|Any CPU.Build.0 = Debug|Any CPU
		{F0A4E106-3CDE-4CDD-B4A5-D441EFA9D07F}.Release|Any CPU.ActiveCfg = Release|Any CPU
		{F0A4E106-3CDE-4CDD-B4A5-D441EFA9D07F}.Release|Any CPU.Build.0 = Release|Any CPU
		{7D0761C4-DD1A-4AC0-AB3E-4078A00208CD}.Debug|Any CPU.ActiveCfg = Debug|Any CPU
		{7D0761C4-DD1A-4AC0-AB3E-4078A00208CD}.Debug|Any CPU.Build.0 = Debug|Any CPU
		{7D0761C4-DD1A-4AC0-AB3E-4078A00208CD}.Release|Any CPU.ActiveCfg = Release|Any CPU
		{7D0761C4-DD1A-4AC0-AB3E-4078A00208CD}.Release|Any CPU.Build.0 = Release|Any CPU
		{27669BFD-E68A-436D-833F-1167C244BD59}.Debug|Any CPU.ActiveCfg = Debug|Any CPU
		{27669BFD-E68A-436D-833F-1167C244BD59}.Debug|Any CPU.Build.0 = Debug|Any CPU
		{27669BFD-E68A-436D-833F-1167C244BD59}.Release|Any CPU.ActiveCfg = Release|Any CPU
		{27669BFD-E68A-436D-833F-1167C244BD59}.Release|Any CPU.Build.0 = Release|Any CPU
		{A7957BFB-CF3B-4820-A929-F53FCAFFA00D}.Debug|Any CPU.ActiveCfg = Debug|Any CPU
		{A7957BFB-CF3B-4820-A929-F53FCAFFA00D}.Debug|Any CPU.Build.0 = Debug|Any CPU
		{A7957BFB-CF3B-4820-A929-F53FCAFFA00D}.Release|Any CPU.ActiveCfg = Release|Any CPU
		{A7957BFB-CF3B-4820-A929-F53FCAFFA00D}.Release|Any CPU.Build.0 = Release|Any CPU
		{592D2C7A-FF06-45E5-B9AB-BF25F83815D0}.Debug|Any CPU.ActiveCfg = Debug|Any CPU
		{592D2C7A-FF06-45E5-B9AB-BF25F83815D0}.Debug|Any CPU.Build.0 = Debug|Any CPU
		{592D2C7A-FF06-45E5-B9AB-BF25F83815D0}.Release|Any CPU.ActiveCfg = Release|Any CPU
		{592D2C7A-FF06-45E5-B9AB-BF25F83815D0}.Release|Any CPU.Build.0 = Release|Any CPU
	EndGlobalSection
	GlobalSection(SolutionProperties) = preSolution
		HideSolutionNode = FALSE
	EndGlobalSection
	GlobalSection(NestedProjects) = preSolution
		{7C85C2D4-B28D-41A6-BC52-7B4BAE1E528C} = {83C3F360-228C-440D-8F95-E106470E5217}
		{5A7801EA-883B-479A-A9F4-D2DB730EAEA1} = {83C3F360-228C-440D-8F95-E106470E5217}
		{09F63484-6A51-4BC7-A0B4-BE399E0723CD} = {09F81BB0-7C14-4D2F-8A3F-E621FC5089A2}
		{A1388A76-7550-4C06-9486-2FE5A4AD6ED5} = {09F81BB0-7C14-4D2F-8A3F-E621FC5089A2}
		{F0A4E106-3CDE-4CDD-B4A5-D441EFA9D07F} = {F8D44C0B-033B-437D-9F31-B98D1C13904C}
		{7D0761C4-DD1A-4AC0-AB3E-4078A00208CD} = {83C3F360-228C-440D-8F95-E106470E5217}
		{27669BFD-E68A-436D-833F-1167C244BD59} = {F8D44C0B-033B-437D-9F31-B98D1C13904C}
		{A7957BFB-CF3B-4820-A929-F53FCAFFA00D} = {171E6662-739B-430C-8F59-BD0F72FD9E45}
		{592D2C7A-FF06-45E5-B9AB-BF25F83815D0} = {171E6662-739B-430C-8F59-BD0F72FD9E45}
	EndGlobalSection
EndGlobal
